{
    "_readme": [
        "This file locks the dependencies of your project to a known state",
        "Read more about it at http://getcomposer.org/doc/01-basic-usage.md#composer-lock-the-lock-file"
    ],
    "hash": "963fe516ccd358e2af32fdf84d7dd69e",
    "packages": [
        {
            "name": "doctrine/common",
            "version": "2.1.x-dev",
            "source": {
                "type": "git",
                "url": "https://github.com/doctrine/common.git",
                "reference": "41794945e795e108060eddb3342c9e13524b9b3e"
            },
            "dist": {
                "type": "zip",
                "url": "https://api.github.com/repos/doctrine/common/zipball/41794945e795e108060eddb3342c9e13524b9b3e",
                "reference": "41794945e795e108060eddb3342c9e13524b9b3e",
                "shasum": ""
            },
            "require": {
                "php": ">=5.3.2"
            },
            "type": "library",
            "autoload": {
                "psr-0": {
                    "Doctrine\\Common": "lib/"
                }
            },
            "notification-url": "https://packagist.org/downloads/",
            "license": [
                "LGPL"
            ],
            "authors": [
                {
                    "name": "Jonathan Wage",
                    "email": "jonwage@gmail.com",
                    "homepage": "http://www.jwage.com/"
                },
                {
                    "name": "Guilherme Blanco",
                    "email": "guilhermeblanco@gmail.com",
                    "homepage": "http://www.instaclick.com"
                },
                {
                    "name": "Roman Borschel",
                    "email": "roman@code-factory.org"
                },
                {
                    "name": "Benjamin Eberlei",
                    "email": "kontakt@beberlei.de"
                },
                {
                    "name": "Johannes Schmitt",
                    "email": "schmittjoh@gmail.com",
                    "homepage": "http://jmsyst.com",
                    "role": "Developer of wrapped JMSSerializerBundle"
                }
            ],
            "description": "Common Library for Doctrine projects",
            "homepage": "http://www.doctrine-project.org",
            "keywords": [
                "annotations",
                "collections",
                "eventmanager",
                "persistence",
                "spl"
            ],
            "time": "2012-03-15 22:49:48"
        },
        {
            "name": "doctrine/dbal",
            "version": "2.1.x-dev",
            "source": {
                "type": "git",
                "url": "https://github.com/doctrine/dbal.git",
                "reference": "76799960a54af583e82bedcf246e8c9c18006e94"
            },
            "dist": {
                "type": "zip",
                "url": "https://api.github.com/repos/doctrine/dbal/zipball/76799960a54af583e82bedcf246e8c9c18006e94",
                "reference": "76799960a54af583e82bedcf246e8c9c18006e94",
                "shasum": ""
            },
            "require": {
                "doctrine/common": "2.*",
                "php": ">=5.3.2"
            },
            "type": "library",
            "autoload": {
                "psr-0": {
                    "Doctrine\\DBAL": "lib/"
                }
            },
            "notification-url": "https://packagist.org/downloads/",
            "license": [
                "LGPL"
            ],
            "authors": [
                {
                    "name": "Jonathan Wage",
                    "email": "jonwage@gmail.com",
                    "homepage": "http://www.jwage.com/"
                },
                {
                    "name": "Guilherme Blanco",
                    "email": "guilhermeblanco@gmail.com",
                    "homepage": "http://www.instaclick.com"
                },
                {
                    "name": "Roman Borschel",
                    "email": "roman@code-factory.org"
                },
                {
                    "name": "Benjamin Eberlei",
                    "email": "kontakt@beberlei.de"
                }
            ],
            "description": "Database Abstraction Layer",
            "homepage": "http://www.doctrine-project.org",
            "keywords": [
                "database",
                "dbal",
                "persistence",
                "queryobject"
            ],
            "time": "2012-05-27 19:17:18"
        },
        {
            "name": "doctrine/doctrine-migrations-bundle",
            "version": "2.0.x-dev",
            "target-dir": "Symfony/Bundle/DoctrineMigrationsBundle",
            "source": {
                "type": "git",
                "url": "https://github.com/doctrine/DoctrineMigrationsBundle.git",
                "reference": "6b232c6759bf9845328545cc6b580b6e4d524710"
            },
            "dist": {
                "type": "zip",
                "url": "https://api.github.com/repos/doctrine/DoctrineMigrationsBundle/zipball/6b232c6759bf9845328545cc6b580b6e4d524710",
                "reference": "6b232c6759bf9845328545cc6b580b6e4d524710",
                "shasum": ""
            },
            "require": {
                "doctrine/migrations": "*",
                "php": ">=5.3.2",
                "symfony/symfony": ">=2.0,<2.1"
            },
            "type": "symfony-bundle",
            "autoload": {
                "psr-0": {
                    "Symfony\\Bundle\\DoctrineMigrationsBundle": ""
                }
            },
            "notification-url": "https://packagist.org/downloads/",
            "license": [
                "MIT"
            ],
            "authors": [
                {
                    "name": "Fabien Potencier",
                    "email": "fabien@symfony.com"
                },
                {
                    "name": "Symfony Community",
                    "homepage": "http://symfony.com/contributors"
                },
                {
                    "name": "Doctrine Project",
                    "homepage": "http://www.doctrine-project.org"
                }
            ],
            "description": "Symfony DoctrineMigrationsBundle",
            "homepage": "http://www.doctrine-project.org",
            "keywords": [
                "dbal",
                "migrations",
                "schema"
            ],
            "time": "2013-05-25 11:11:48"
        },
        {
            "name": "doctrine/migrations",
            "version": "dev-master",
            "source": {
                "type": "git",
                "url": "https://github.com/doctrine/migrations.git",
                "reference": "e96022469595b4def59756f7b6b9ceb78c9f0e66"
            },
            "dist": {
                "type": "zip",
                "url": "https://api.github.com/repos/doctrine/migrations/zipball/e96022469595b4def59756f7b6b9ceb78c9f0e66",
                "reference": "e96022469595b4def59756f7b6b9ceb78c9f0e66",
                "shasum": ""
            },
            "require": {
                "doctrine/dbal": ">=2.0,<2.5.x-dev",
                "php": ">=5.3.2"
            },
            "require-dev": {
                "symfony/console": "2.*",
                "symfony/yaml": "2.*"
            },
            "suggest": {
                "symfony/console": "to run the migration from the console"
            },
            "type": "library",
            "autoload": {
                "psr-0": {
                    "Doctrine\\DBAL\\Migrations": "lib"
                }
            },
            "notification-url": "https://packagist.org/downloads/",
            "license": [
                "LGPL"
            ],
            "authors": [
                {
                    "name": "Jonathan Wage",
                    "email": "jonwage@gmail.com",
                    "homepage": "http://www.jwage.com/"
                },
                {
                    "name": "Benjamin Eberlei",
                    "email": "kontakt@beberlei.de"
                }
            ],
            "description": "Database Schema migrations using Doctrine DBAL",
            "homepage": "http://www.doctrine-project.org",
            "keywords": [
                "database",
                "migrations"
            ],
            "time": "2013-10-03 12:44:16"
        },
        {
            "name": "doctrine/orm",
            "version": "2.1.x-dev",
            "source": {
                "type": "git",
                "url": "https://github.com/doctrine/doctrine2.git",
                "reference": "1c0f88f2b398a9709d32c6d62896c4db9f9f3c9a"
            },
            "dist": {
                "type": "zip",
                "url": "https://api.github.com/repos/doctrine/doctrine2/zipball/1c0f88f2b398a9709d32c6d62896c4db9f9f3c9a",
                "reference": "1c0f88f2b398a9709d32c6d62896c4db9f9f3c9a",
                "shasum": ""
            },
            "require": {
                "doctrine/common": "2.1.*",
                "doctrine/dbal": "2.1.*",
                "ext-pdo": "*",
                "php": ">=5.3.2"
            },
            "type": "library",
            "autoload": {
                "psr-0": {
                    "Doctrine\\ORM": "lib/"
                }
            },
            "notification-url": "https://packagist.org/downloads/",
            "license": [
                "LGPL"
            ],
            "authors": [
                {
                    "name": "Jonathan Wage",
                    "email": "jonwage@gmail.com",
                    "homepage": "http://www.jwage.com/"
                },
                {
                    "name": "Guilherme Blanco",
                    "email": "guilhermeblanco@gmail.com",
                    "homepage": "http://www.instaclick.com"
                },
                {
                    "name": "Roman Borschel",
                    "email": "roman@code-factory.org"
                },
                {
                    "name": "Benjamin Eberlei",
                    "email": "kontakt@beberlei.de"
                }
            ],
            "description": "Object-Relational-Mapper for PHP",
            "homepage": "http://www.doctrine-project.org",
            "keywords": [
                "database",
                "orm"
            ],
            "time": "2012-07-29 10:09:12"
        },
        {
            "name": "jms/metadata",
            "version": "1.1.1",
            "source": {
                "type": "git",
                "url": "https://github.com/schmittjoh/metadata.git",
                "reference": "84088bc4f6e2387ec8b549bffc1e037107572f5a"
            },
            "dist": {
                "type": "zip",
                "url": "https://api.github.com/repos/schmittjoh/metadata/zipball/84088bc4f6e2387ec8b549bffc1e037107572f5a",
                "reference": "84088bc4f6e2387ec8b549bffc1e037107572f5a",
                "shasum": ""
            },
            "require": {
                "php": ">=5.3.0"
            },
            "type": "library",
            "autoload": {
                "psr-0": {
                    "Metadata\\": "src/"
                }
            },
            "notification-url": "https://packagist.org/downloads/",
            "license": [
                "Apache"
            ],
            "authors": [
                {
                    "name": "Johannes M. Schmitt",
                    "email": "schmittjoh@gmail.com",
                    "homepage": "http://jmsyst.com",
                    "role": "Developer of wrapped JMSSerializerBundle"
                }
            ],
            "description": "Class/method/property metadata management in PHP",
            "keywords": [
                "annotations",
                "metadata",
                "xml",
                "yaml"
            ],
            "time": "2012-01-02 21:32:49"
        },
        {
            "name": "jms/security-extra-bundle",
            "version": "1.0.x-dev",
            "target-dir": "JMS/SecurityExtraBundle",
            "source": {
                "type": "git",
                "url": "https://github.com/schmittjoh/JMSSecurityExtraBundle.git",
                "reference": "e752f888c51425f71382c056961f10f2be642102"
            },
            "dist": {
                "type": "zip",
                "url": "https://api.github.com/repos/schmittjoh/JMSSecurityExtraBundle/zipball/e752f888c51425f71382c056961f10f2be642102",
                "reference": "e752f888c51425f71382c056961f10f2be642102",
                "shasum": ""
            },
            "require": {
                "jms/metadata": "1.1.*",
                "symfony/framework-bundle": "2.0.*",
                "symfony/security-bundle": "2.0.*"
            },
            "type": "symfony-bundle",
            "autoload": {
                "psr-0": {
                    "JMS\\SecurityExtraBundle": ""
                }
            },
            "notification-url": "https://packagist.org/downloads/",
            "license": [
                "Apache"
            ],
            "authors": [
                {
                    "name": "Johannes M. Schmitt",
                    "email": "schmittjoh@gmail.com",
                    "homepage": "http://jmsyst.com",
                    "role": "Developer of wrapped JMSSerializerBundle"
                }
            ],
            "description": "Enhances the Symfony2 Security Component by adding several new features",
            "keywords": [
                "annotations",
                "authorization"
            ],
            "time": "2012-04-20 16:44:30"
        },
        {
            "name": "knplabs/knp-snappy",
            "version": "dev-master",
            "source": {
                "type": "git",
                "url": "https://github.com/KnpLabs/snappy.git",
                "reference": "1f56b336f8e158b57dcfce007234363cbb54192b"
            },
            "dist": {
                "type": "zip",
                "url": "https://api.github.com/repos/KnpLabs/snappy/zipball/1f56b336f8e158b57dcfce007234363cbb54192b",
                "reference": "1f56b336f8e158b57dcfce007234363cbb54192b",
                "shasum": ""
            },
            "require": {
                "php": ">=5.3.0"
            },
            "suggest": {
                "google/wkhtmltopdf-amd64": "Provide wkhtmltopdf-amd64 binary, use version `0.11.0-RC1` as dependency",
                "google/wkhtmltopdf-i386": "Provide wkhtmltopdf-i386 binary, use version `0.11.0-RC1` as dependency",
                "symfony/process": "Process Component of Symfony2."
            },
            "type": "library",
            "autoload": {
                "psr-0": {
                    "Knp\\Snappy": "src/"
                }
            },
            "notification-url": "https://packagist.org/downloads/",
            "license": [
                "MIT"
            ],
            "authors": [
                {
                    "name": "KnpLabs Team",
                    "homepage": "http://knplabs.com"
                },
                {
                    "name": "Symfony Community",
                    "homepage": "http://github.com/KnpLabs/snappy/contributors"
                }
            ],
            "description": "PHP5 library allowing thumbnail, snapshot or PDF generation from a url or a html page. Wrapper for wkhtmltopdf/wkhtmltoimage.",
            "homepage": "http://github.com/KnpLabs/snappy",
            "keywords": [
                "knp",
                "knplabs",
                "pdf",
                "snapshot",
                "thumbnail",
                "wkhtmltopdf"
            ],
            "time": "2013-09-06 14:16:50"
        },
        {
            "name": "knplabs/knp-snappy-bundle",
            "version": "dev-master",
            "target-dir": "Knp/Bundle/SnappyBundle",
            "source": {
                "type": "git",
                "url": "https://github.com/KnpLabs/KnpSnappyBundle.git",
                "reference": "d0ea8e4adbc6389a0eb99e2c03db97cfad73742e"
            },
            "dist": {
                "type": "zip",
                "url": "https://api.github.com/repos/KnpLabs/KnpSnappyBundle/zipball/d0ea8e4adbc6389a0eb99e2c03db97cfad73742e",
                "reference": "d0ea8e4adbc6389a0eb99e2c03db97cfad73742e",
                "shasum": ""
            },
            "require": {
                "knplabs/knp-snappy": "*",
                "php": ">=5.3.2",
                "symfony/framework-bundle": ">=2.0.0"
            },
            "type": "symfony-bundle",
            "autoload": {
                "psr-0": {
                    "Knp\\Bundle\\SnappyBundle": ""
                }
            },
            "notification-url": "https://packagist.org/downloads/",
            "license": [
                "MIT"
            ],
            "authors": [
                {
                    "name": "KnpLabs Team",
                    "homepage": "http://knplabs.com"
                },
                {
                    "name": "Symfony Community",
                    "homepage": "http://github.com/KnpLabs/KnpSnappyBundle/contributors"
                }
            ],
            "description": "Easily create PDF and images in Symfony2 by converting Twig/HTML templates.",
            "homepage": "http://github.com/KnpLabs/KnpSnappyBundle",
            "keywords": [
                "bundle",
                "knp",
                "knplabs",
                "pdf",
                "snappy"
            ],
            "time": "2013-07-18 15:02:44"
        },
        {
            "name": "kriswallsmith/assetic",
            "version": "1.0.x-dev",
            "source": {
                "type": "git",
                "url": "https://github.com/kriswallsmith/assetic.git",
                "reference": "87410e986d995553dad04d67df993c702a6ef1c5"
            },
            "dist": {
                "type": "zip",
                "url": "https://api.github.com/repos/kriswallsmith/assetic/zipball/87410e986d995553dad04d67df993c702a6ef1c5",
                "reference": "87410e986d995553dad04d67df993c702a6ef1c5",
                "shasum": ""
            },
            "require": {
                "php": ">=5.3.1"
            },
            "type": "library",
            "autoload": {
                "psr-0": {
                    "Assetic": "src/"
                }
            },
            "notification-url": "https://packagist.org/downloads/",
            "license": [
                "MIT"
            ],
            "authors": [
                {
                    "name": "Kris Wallsmith",
                    "email": "kris.wallsmith@gmail.com",
                    "homepage": "http://kriswallsmith.net/"
                }
            ],
            "description": "Asset Management for PHP",
            "homepage": "https://github.com/kriswallsmith/assetic",
            "keywords": [
                "assets",
                "compression",
                "minification"
            ],
            "time": "2012-09-19 17:17:54"
        },
        {
            "name": "kriswallsmith/buzz",
            "version": "dev-master",
            "source": {
                "type": "git",
                "url": "https://github.com/kriswallsmith/Buzz.git",
                "reference": "805272acb603161f0bc92380bbd801d5ffabf89d"
            },
            "dist": {
                "type": "zip",
                "url": "https://api.github.com/repos/kriswallsmith/Buzz/zipball/805272acb603161f0bc92380bbd801d5ffabf89d",
                "reference": "805272acb603161f0bc92380bbd801d5ffabf89d",
                "shasum": ""
            },
            "require": {
                "php": ">=5.3.0"
            },
            "require-dev": {
                "phpunit/phpunit": "3.7.*"
            },
            "suggest": {
                "ext-curl": "*"
            },
            "type": "library",
            "autoload": {
                "psr-0": {
                    "Buzz": "lib/"
                }
            },
            "notification-url": "https://packagist.org/downloads/",
            "license": [
                "MIT"
            ],
            "authors": [
                {
                    "name": "Kris Wallsmith",
                    "email": "kris.wallsmith@gmail.com",
                    "homepage": "http://kriswallsmith.net/"
                }
            ],
            "description": "Lightweight HTTP client",
            "homepage": "https://github.com/kriswallsmith/Buzz",
            "keywords": [
                "curl",
                "http client"
            ],
            "time": "2013-09-12 13:09:33"
        },
        {
            "name": "monolog/monolog",
            "version": "1.2.1",
            "source": {
                "type": "git",
                "url": "https://github.com/Seldaek/monolog.git",
                "reference": "d16496318c3e08e3bccfc3866e104e49cf25488a"
            },
            "dist": {
                "type": "zip",
                "url": "https://api.github.com/repos/Seldaek/monolog/zipball/d16496318c3e08e3bccfc3866e104e49cf25488a",
                "reference": "d16496318c3e08e3bccfc3866e104e49cf25488a",
                "shasum": ""
            },
            "require": {
                "php": ">=5.3.0"
            },
            "require-dev": {
                "mlehner/gelf-php": "1.0.*"
            },
            "suggest": {
                "ext-amqp": "Allow sending log messages to an AMQP server (1.0+ required)",
                "ext-mongo": "Allow sending log messages to a MongoDB server",
                "mlehner/gelf-php": "Allow sending log messages to a GrayLog2 server"
            },
            "type": "library",
            "extra": {
                "branch-alias": {
                    "dev-master": "1.3.x-dev"
                }
            },
            "autoload": {
                "psr-0": {
                    "Monolog": "src/"
                }
            },
            "notification-url": "https://packagist.org/downloads/",
            "license": [
                "MIT"
            ],
            "authors": [
                {
                    "name": "Jordi Boggiano",
                    "email": "j.boggiano@seld.be",
                    "homepage": "http://seld.be",
                    "role": "Developer"
                }
            ],
            "description": "Logging for PHP 5.3",
            "homepage": "http://github.com/Seldaek/monolog",
            "keywords": [
                "log",
                "logging"
            ],
            "time": "2012-08-29 11:53:20"
        },
        {
            "name": "sensio/buzz-bundle",
            "version": "v0.1",
            "target-dir": "Sensio/Bundle/BuzzBundle",
            "source": {
                "type": "git",
                "url": "https://github.com/sensiolabs/SensioBuzzBundle.git",
                "reference": "82b951a2d5f03bcb96924e817b5daa4b63309e33"
            },
            "dist": {
                "type": "zip",
                "url": "https://api.github.com/repos/sensiolabs/SensioBuzzBundle/zipball/82b951a2d5f03bcb96924e817b5daa4b63309e33",
                "reference": "82b951a2d5f03bcb96924e817b5daa4b63309e33",
                "shasum": ""
            },
            "require": {
                "kriswallsmith/buzz": "master",
                "php": ">=5.3.2"
            },
            "type": "symfony-bundle",
            "autoload": {
                "psr-0": {
                    "Sensio\\Bundle\\BuzzBundle": ""
                }
            },
            "notification-url": "https://packagist.org/downloads/",
            "license": [
                "MIT"
            ],
            "authors": [
                {
                    "name": "Marc Weistroff",
                    "email": "marc.weistroff@sensio.com"
                }
            ],
            "description": "Bundle around the Buzz HTTP client",
            "homepage": "https://github.com/sensio/SensioBuzzBundle",
            "keywords": [
                "buzz",
                "http client"
            ],
            "time": "2012-02-07 11:22:19"
        },
        {
            "name": "sensio/distribution-bundle",
            "version": "2.0.x-dev",
            "target-dir": "Sensio/Bundle/DistributionBundle",
            "source": {
                "type": "git",
                "url": "https://github.com/sensiolabs/SensioDistributionBundle.git",
                "reference": "3acf63aec6130c3fcb59d1cefad48d4c3bb1338c"
            },
            "dist": {
                "type": "zip",
                "url": "https://api.github.com/repos/sensiolabs/SensioDistributionBundle/zipball/3acf63aec6130c3fcb59d1cefad48d4c3bb1338c",
                "reference": "3acf63aec6130c3fcb59d1cefad48d4c3bb1338c",
                "shasum": ""
            },
            "require": {
                "symfony/framework-bundle": "2.0.*"
            },
            "type": "symfony-bundle",
            "autoload": {
                "psr-0": {
                    "Sensio\\Bundle\\DistributionBundle": ""
                }
            },
            "notification-url": "https://packagist.org/downloads/",
            "license": [
                "MIT"
            ],
            "authors": [
                {
                    "name": "Fabien Potencier",
                    "email": "fabien@symfony.com"
                }
            ],
            "description": "The base bundle for the Symfony Distributions",
            "keywords": [
                "configuration",
                "distribution"
            ],
            "time": "2013-01-04 17:09:34"
        },
        {
            "name": "sensio/framework-extra-bundle",
            "version": "2.0.x-dev",
            "target-dir": "Sensio/Bundle/FrameworkExtraBundle",
            "source": {
                "type": "git",
                "url": "https://github.com/sensiolabs/SensioFrameworkExtraBundle.git",
                "reference": "d81d9607753de458f55947d206b9e39ac7b17078"
            },
            "dist": {
                "type": "zip",
                "url": "https://api.github.com/repos/sensiolabs/SensioFrameworkExtraBundle/zipball/d81d9607753de458f55947d206b9e39ac7b17078",
                "reference": "d81d9607753de458f55947d206b9e39ac7b17078",
                "shasum": ""
            },
            "require": {
                "doctrine/common": ">=2.1,<2.4-dev",
                "symfony/framework-bundle": "2.0.*"
            },
            "type": "symfony-bundle",
            "autoload": {
                "psr-0": {
                    "Sensio\\Bundle\\FrameworkExtraBundle": ""
                }
            },
            "notification-url": "https://packagist.org/downloads/",
            "license": [
                "MIT"
            ],
            "authors": [
                {
                    "name": "Fabien Potencier",
                    "email": "fabien@symfony.com"
                }
            ],
            "description": "This bundle provides a way to configure your controllers with annotations",
            "keywords": [
                "annotations",
                "controllers"
            ],
            "time": "2013-01-12 20:32:55"
        },
        {
            "name": "sensio/generator-bundle",
            "version": "2.0.x-dev",
            "target-dir": "Sensio/Bundle/GeneratorBundle",
            "source": {
                "type": "git",
                "url": "https://github.com/sensiolabs/SensioGeneratorBundle.git",
                "reference": "71c9937e254ba7d254fb28f8137684200bf072bc"
            },
            "dist": {
                "type": "zip",
                "url": "https://api.github.com/repos/sensiolabs/SensioGeneratorBundle/zipball/71c9937e254ba7d254fb28f8137684200bf072bc",
                "reference": "71c9937e254ba7d254fb28f8137684200bf072bc",
                "shasum": ""
            },
            "require": {
                "symfony/doctrine-bundle": "2.0.*",
                "symfony/framework-bundle": "2.0.*"
            },
            "type": "symfony-bundle",
            "autoload": {
                "psr-0": {
                    "Sensio\\Bundle\\GeneratorBundle": ""
                }
            },
            "notification-url": "https://packagist.org/downloads/",
            "license": [
                "MIT"
            ],
            "authors": [
                {
                    "name": "Fabien Potencier",
                    "email": "fabien@symfony.com"
                }
            ],
            "description": "Generates Symfony2 bundles, entities, forms, CRUD, and more...",
            "keywords": [
                "code generation"
            ],
            "time": "2013-01-07 17:05:25"
        },
        {
            "name": "swiftmailer/swiftmailer",
            "version": "v4.2.2",
            "source": {
                "type": "git",
                "url": "https://github.com/swiftmailer/swiftmailer.git",
                "reference": "e474a2227a192e44cfdbd3d127ae48eb51b3b365"
            },
            "dist": {
                "type": "zip",
                "url": "https://api.github.com/repos/swiftmailer/swiftmailer/zipball/e474a2227a192e44cfdbd3d127ae48eb51b3b365",
                "reference": "e474a2227a192e44cfdbd3d127ae48eb51b3b365",
                "shasum": ""
            },
            "require": {
                "php": ">=5.2.4"
            },
            "type": "library",
            "extra": {
                "branch-alias": {
                    "dev-master": "4.2-dev"
                }
            },
            "autoload": {
                "files": [
                    "lib/swift_required.php"
                ]
            },
            "notification-url": "https://packagist.org/downloads/",
            "license": [
                "LGPL"
            ],
            "authors": [
                {
                    "name": "Fabien Potencier",
                    "email": "fabien@symfony.com"
                },
                {
                    "name": "Chris Corbyn"
                }
            ],
            "description": "Swiftmailer, free feature-rich PHP mailer",
            "homepage": "http://swiftmailer.org",
            "keywords": [
                "mail",
                "mailer"
            ],
            "time": "2012-10-25 08:30:40"
        },
        {
            "name": "symfony/assetic-bundle",
            "version": "2.0.x-dev",
            "target-dir": "Symfony/Bundle/AsseticBundle",
            "source": {
                "type": "git",
                "url": "https://github.com/symfony/AsseticBundle.git",
                "reference": "6f15728c1aefa5246caa83730e3dbf70b0d46052"
            },
            "dist": {
                "type": "zip",
                "url": "https://api.github.com/repos/symfony/AsseticBundle/zipball/6f15728c1aefa5246caa83730e3dbf70b0d46052",
                "reference": "6f15728c1aefa5246caa83730e3dbf70b0d46052",
                "shasum": ""
            },
            "require": {
                "kriswallsmith/assetic": "1.0.*",
                "php": ">=5.3.0",
                "symfony/framework-bundle": "2.0.*"
            },
            "suggest": {
                "symfony/twig-bundle": "2.0.*"
            },
            "type": "symfony-bundle",
            "autoload": {
                "psr-0": {
                    "Symfony\\Bundle\\AsseticBundle": ""
                }
            },
            "notification-url": "https://packagist.org/downloads/",
            "license": [
                "MIT"
            ],
            "authors": [
                {
                    "name": "Kris Wallsmith",
                    "email": "kris.wallsmith@gmail.com",
                    "homepage": "http://kriswallsmith.net/"
                }
            ],
            "description": "Integrates Assetic into Symfony2",
            "homepage": "https://github.com/symfony/AsseticBundle",
            "keywords": [
                "assets",
                "compression",
                "minification"
            ],
            "time": "2012-07-20 21:37:52"
        },
        {
            "name": "symfony/symfony",
            "version": "2.0.x-dev",
            "source": {
                "type": "git",
                "url": "https://github.com/symfony/symfony.git",
                "reference": "3968f00539be5e14bfcb681a3bb2429a7cacb349"
            },
            "dist": {
                "type": "zip",
                "url": "https://api.github.com/repos/symfony/symfony/zipball/3968f00539be5e14bfcb681a3bb2429a7cacb349",
                "reference": "3968f00539be5e14bfcb681a3bb2429a7cacb349",
                "shasum": ""
            },
            "require": {
                "doctrine/common": ">=2.1,<2.3-dev",
                "monolog/monolog": ">=1.0,<1.3-dev",
                "php": ">=5.3.2",
                "swiftmailer/swiftmailer": "4.2.*",
                "twig/twig": ">=1.1,<2.0-dev"
            },
            "replace": {
                "symfony/browser-kit": "self.version",
                "symfony/class-loader": "self.version",
                "symfony/config": "self.version",
                "symfony/console": "self.version",
                "symfony/css-selector": "self.version",
                "symfony/dependency-injection": "self.version",
                "symfony/doctrine-abstract-bundle": "self.version",
                "symfony/doctrine-bridge": "self.version",
                "symfony/doctrine-bundle": "self.version",
                "symfony/dom-crawler": "self.version",
                "symfony/event-dispatcher": "self.version",
                "symfony/finder": "self.version",
                "symfony/form": "self.version",
                "symfony/framework-bundle": "self.version",
                "symfony/http-foundation": "self.version",
                "symfony/http-kernel": "self.version",
                "symfony/locale": "self.version",
                "symfony/monolog-bridge": "self.version",
                "symfony/monolog-bundle": "self.version",
                "symfony/process": "self.version",
                "symfony/routing": "self.version",
                "symfony/security": "self.version",
                "symfony/security-bundle": "self.version",
                "symfony/serializer": "self.version",
                "symfony/swiftmailer-bridge": "self.version",
                "symfony/swiftmailer-bundle": "self.version",
                "symfony/templating": "self.version",
                "symfony/translation": "self.version",
                "symfony/twig-bridge": "self.version",
                "symfony/twig-bundle": "self.version",
                "symfony/validator": "self.version",
                "symfony/web-profiler-bundle": "self.version",
                "symfony/yaml": "self.version"
            },
            "type": "library",
            "autoload": {
                "psr-0": {
                    "Symfony": "src/"
                }
            },
            "notification-url": "https://packagist.org/downloads/",
            "license": [
                "MIT"
            ],
            "authors": [
                {
                    "name": "Fabien Potencier",
                    "email": "fabien@symfony.com"
                },
                {
                    "name": "Symfony Community",
                    "homepage": "http://symfony.com/contributors"
                }
            ],
            "description": "The Symfony PHP framework",
            "homepage": "http://symfony.com",
            "keywords": [
                "framework"
            ],
            "time": "2013-10-10 06:56:48"
        },
        {
            "name": "twig/extensions",
            "version": "dev-master",
            "source": {
                "type": "git",
                "url": "https://github.com/fabpot/Twig-extensions.git",
                "reference": "3604161a4aa2e5c535cbc708810123fd3258b2dc"
            },
            "dist": {
                "type": "zip",
                "url": "https://api.github.com/repos/fabpot/Twig-extensions/zipball/3604161a4aa2e5c535cbc708810123fd3258b2dc",
                "reference": "3604161a4aa2e5c535cbc708810123fd3258b2dc",
                "shasum": ""
            },
            "require": {
                "twig/twig": "~1.0"
            },
            "type": "library",
            "extra": {
                "branch-alias": {
                    "dev-master": "1.0.x-dev"
                }
            },
            "autoload": {
                "psr-0": {
                    "Twig_Extensions_": "lib/"
                }
            },
            "notification-url": "https://packagist.org/downloads/",
            "license": [
                "MIT"
            ],
            "authors": [
                {
                    "name": "Fabien Potencier",
                    "email": "fabien@symfony.com"
                }
            ],
            "description": "Common additional features for Twig that do not directly belong in core",
            "homepage": "https://github.com/fabpot/Twig-extensions",
            "keywords": [
                "debug",
                "i18n",
                "text"
            ],
            "time": "2013-09-27 20:07:42"
        },
        {
            "name": "twig/twig",
            "version": "dev-master",
            "source": {
                "type": "git",
                "url": "https://github.com/fabpot/Twig.git",
                "reference": "09c386b3359cc22b4112197c2d8c6d6f7a49c918"
            },
            "dist": {
                "type": "zip",
                "url": "https://api.github.com/repos/fabpot/Twig/zipball/09c386b3359cc22b4112197c2d8c6d6f7a49c918",
                "reference": "09c386b3359cc22b4112197c2d8c6d6f7a49c918",
                "shasum": ""
            },
            "require": {
                "php": ">=5.2.4"
            },
            "type": "library",
            "extra": {
                "branch-alias": {
                    "dev-master": "1.14-dev"
                }
            },
            "autoload": {
                "psr-0": {
                    "Twig_": "lib/"
                }
            },
            "notification-url": "https://packagist.org/downloads/",
            "license": [
                "BSD-3-Clause"
            ],
            "authors": [
                {
                    "name": "Fabien Potencier",
                    "email": "fabien@symfony.com"
                },
                {
                    "name": "Armin Ronacher",
                    "email": "armin.ronacher@active-4.com"
                }
            ],
            "description": "Twig, the flexible, fast, and secure template language for PHP",
            "homepage": "http://twig.sensiolabs.org",
            "keywords": [
                "templating"
            ],
            "time": "2013-10-07 10:00:50"
        },
        {
            "name": "zf2",
            "version": "master",
            "source": {
                "type": "git",
                "url": "http://github.com/zendframework/zf2.git",
                "reference": "master"
            },
            "type": "library",
            "autoload": {
                "psr-0": {
                    "Zend\\": "library/"
                }
            },
            "time": "2014-01-17 10:38:18"
        }
    ],
    "packages-dev": null,
    "aliases": [

    ],
    "minimum-stability": "dev",
    "stability-flags": {
        "phpunit/phpunit": 20
    },
    "platform": {
        "php": ">=5.3.2"
    },
    "platform-dev": [

    ]
}
